// !$*UTF8*$!
{
	archiveVersion = 1;
	classes = {
	};
	objectVersion = 50;
	objects = {

/* Begin PBXBuildFile section */
		8F2113DE23288B76001CF34C /* main.cpp in Sources */ = {isa = PBXBuildFile; fileRef = 8F2113DD23288B76001CF34C /* main.cpp */; };
		8F2113E623288E94001CF34C /* libconcert.a in Frameworks */ = {isa = PBXBuildFile; fileRef = 8F2113E523288E94001CF34C /* libconcert.a */; };
		8F2113EA23288EA5001CF34C /* libcplex.a in Frameworks */ = {isa = PBXBuildFile; fileRef = 8F2113E723288EA5001CF34C /* libcplex.a */; };
		8F2113EB23288EA5001CF34C /* libilocplex.a in Frameworks */ = {isa = PBXBuildFile; fileRef = 8F2113E823288EA5001CF34C /* libilocplex.a */; };
		8F2113EC23288EA5001CF34C /* libcplexdistmip.a in Frameworks */ = {isa = PBXBuildFile; fileRef = 8F2113E923288EA5001CF34C /* libcplexdistmip.a */; };
		8F3B4A3223D5C64600E1F16A /* DF.cpp in Sources */ = {isa = PBXBuildFile; fileRef = 8F3B4A3023D5C64600E1F16A /* DF.cpp */; };
		8F3E9490236A8A7C00077CE6 /* Sequencer.c in Sources */ = {isa = PBXBuildFile; fileRef = 8F3E948F236A8A7B00077CE6 /* Sequencer.c */; };
		8F3EE70E2355AEFD004BB9BB /* IP.cpp in Sources */ = {isa = PBXBuildFile; fileRef = 8F3EE70D2355AEFD004BB9BB /* IP.cpp */; };
		8F6CCDE423715C7A00F9CFB1 /* SE.cpp in Sources */ = {isa = PBXBuildFile; fileRef = 8F6CCDE323715C7A00F9CFB1 /* SE.cpp */; };
		8F6CCDE623715ED800F9CFB1 /* CA.cpp in Sources */ = {isa = PBXBuildFile; fileRef = 8F6CCDE523715ED800F9CFB1 /* CA.cpp */; };
		8F802BF523448CE5000D5AF1 /* RS.cpp in Sources */ = {isa = PBXBuildFile; fileRef = 8F802BF423448CE5000D5AF1 /* RS.cpp */; };
		8F80EB14240BA94900EEB8F0 /* CutBase.cpp in Sources */ = {isa = PBXBuildFile; fileRef = 8F80EB12240BA94900EEB8F0 /* CutBase.cpp */; };
		8F80EB16240BAFC500EEB8F0 /* RouteMM.cpp in Sources */ = {isa = PBXBuildFile; fileRef = 8F80EB15240BAFC500EEB8F0 /* RouteMM.cpp */; };
		8FA1B1CD233E050800FF9F44 /* ILP.cpp in Sources */ = {isa = PBXBuildFile; fileRef = 8FA1B1CB233E050800FF9F44 /* ILP.cpp */; };
		8FA1B1D7233F567400FF9F44 /* RC.cpp in Sources */ = {isa = PBXBuildFile; fileRef = 8FA1B1D5233F567400FF9F44 /* RC.cpp */; };
		8FDDA6AF243D9CB600AFF509 /* Solution.cpp in Sources */ = {isa = PBXBuildFile; fileRef = 8FDDA6AD243D9CB600AFF509 /* Solution.cpp */; };
		8FE2BC342409047B00BE2ADC /* libutil.a in Frameworks */ = {isa = PBXBuildFile; fileRef = 8FE2BC332409047B00BE2ADC /* libutil.a */; };
		8FFBFBAD236A8727003151B9 /* IH.cpp in Sources */ = {isa = PBXBuildFile; fileRef = 8FFBFBAB236A8727003151B9 /* IH.cpp */; };
/* End PBXBuildFile section */

/* Begin PBXCopyFilesBuildPhase section */
		8F2113D823288B76001CF34C /* CopyFiles */ = {
			isa = PBXCopyFilesBuildPhase;
			buildActionMask = 2147483647;
			dstPath = /usr/share/man/man1/;
			dstSubfolderSpec = 0;
			files = (
			);
			runOnlyForDeploymentPostprocessing = 1;
		};
/* End PBXCopyFilesBuildPhase section */

/* Begin PBXFileReference section */
		8F2113DA23288B76001CF34C /* BnC_CPLEX */ = {isa = PBXFileReference; explicitFileType = "compiled.mach-o.executable"; includeInIndex = 0; path = BnC_CPLEX; sourceTree = BUILT_PRODUCTS_DIR; };
		8F2113DD23288B76001CF34C /* main.cpp */ = {isa = PBXFileReference; lastKnownFileType = sourcecode.cpp.cpp; path = main.cpp; sourceTree = "<group>"; };
		8F2113E523288E94001CF34C /* libconcert.a */ = {isa = PBXFileReference; lastKnownFileType = archive.ar; name = libconcert.a; path = "../../../../Applications/CPLEX_Studio128/concert/lib/x86-64_osx/static_pic/libconcert.a"; sourceTree = "<group>"; };
		8F2113E723288EA5001CF34C /* libcplex.a */ = {isa = PBXFileReference; lastKnownFileType = archive.ar; name = libcplex.a; path = "../../../../Applications/CPLEX_Studio128/cplex/lib/x86-64_osx/static_pic/libcplex.a"; sourceTree = "<group>"; };
		8F2113E823288EA5001CF34C /* libilocplex.a */ = {isa = PBXFileReference; lastKnownFileType = archive.ar; name = libilocplex.a; path = "../../../../Applications/CPLEX_Studio128/cplex/lib/x86-64_osx/static_pic/libilocplex.a"; sourceTree = "<group>"; };
		8F2113E923288EA5001CF34C /* libcplexdistmip.a */ = {isa = PBXFileReference; lastKnownFileType = archive.ar; name = libcplexdistmip.a; path = "../../../../Applications/CPLEX_Studio128/cplex/lib/x86-64_osx/static_pic/libcplexdistmip.a"; sourceTree = "<group>"; };
		8F2113EE2328945F001CF34C /* Other.hpp */ = {isa = PBXFileReference; lastKnownFileType = sourcecode.cpp.h; path = Other.hpp; sourceTree = "<group>"; };
		8F3B4A3023D5C64600E1F16A /* DF.cpp */ = {isa = PBXFileReference; lastKnownFileType = sourcecode.cpp.cpp; path = DF.cpp; sourceTree = "<group>"; };
		8F3B4A3123D5C64600E1F16A /* DF.hpp */ = {isa = PBXFileReference; lastKnownFileType = sourcecode.cpp.h; path = DF.hpp; sourceTree = "<group>"; };
		8F3E948E236A8A7B00077CE6 /* Sequencer.h */ = {isa = PBXFileReference; lastKnownFileType = sourcecode.c.h; path = Sequencer.h; sourceTree = "<group>"; };
		8F3E948F236A8A7B00077CE6 /* Sequencer.c */ = {isa = PBXFileReference; lastKnownFileType = sourcecode.c.c; path = Sequencer.c; sourceTree = "<group>"; };
		8F3EE70D2355AEFD004BB9BB /* IP.cpp */ = {isa = PBXFileReference; lastKnownFileType = sourcecode.cpp.cpp; path = IP.cpp; sourceTree = "<group>"; };
		8F6CCDE323715C7A00F9CFB1 /* SE.cpp */ = {isa = PBXFileReference; lastKnownFileType = sourcecode.cpp.cpp; path = SE.cpp; sourceTree = "<group>"; };
		8F6CCDE523715ED800F9CFB1 /* CA.cpp */ = {isa = PBXFileReference; lastKnownFileType = sourcecode.cpp.cpp; path = CA.cpp; sourceTree = "<group>"; };
		8F802BF423448CE5000D5AF1 /* RS.cpp */ = {isa = PBXFileReference; lastKnownFileType = sourcecode.cpp.cpp; path = RS.cpp; sourceTree = "<group>"; };
		8F80EB11240BA83000EEB8F0 /* Router.hpp */ = {isa = PBXFileReference; lastKnownFileType = sourcecode.cpp.h; path = Router.hpp; sourceTree = "<group>"; };
		8F80EB12240BA94900EEB8F0 /* CutBase.cpp */ = {isa = PBXFileReference; lastKnownFileType = sourcecode.cpp.cpp; path = CutBase.cpp; sourceTree = "<group>"; };
		8F80EB13240BA94900EEB8F0 /* CutBase.hpp */ = {isa = PBXFileReference; lastKnownFileType = sourcecode.cpp.h; path = CutBase.hpp; sourceTree = "<group>"; };
		8F80EB15240BAFC500EEB8F0 /* RouteMM.cpp */ = {isa = PBXFileReference; lastKnownFileType = sourcecode.cpp.cpp; path = RouteMM.cpp; sourceTree = "<group>"; };
		8FA1B1CB233E050800FF9F44 /* ILP.cpp */ = {isa = PBXFileReference; lastKnownFileType = sourcecode.cpp.cpp; path = ILP.cpp; sourceTree = "<group>"; };
		8FA1B1D5233F567400FF9F44 /* RC.cpp */ = {isa = PBXFileReference; lastKnownFileType = sourcecode.cpp.cpp; path = RC.cpp; sourceTree = "<group>"; };
		8FDDA6AD243D9CB600AFF509 /* Solution.cpp */ = {isa = PBXFileReference; lastKnownFileType = sourcecode.cpp.cpp; path = Solution.cpp; sourceTree = "<group>"; };
		8FE2BC332409047B00BE2ADC /* libutil.a */ = {isa = PBXFileReference; lastKnownFileType = archive.ar; name = libutil.a; path = ../util/lib/libutil.a; sourceTree = "<group>"; };
		8FFBFBAB236A8727003151B9 /* IH.cpp */ = {isa = PBXFileReference; lastKnownFileType = sourcecode.cpp.cpp; path = IH.cpp; sourceTree = "<group>"; };
/* End PBXFileReference section */

/* Begin PBXFrameworksBuildPhase section */
		8F2113D723288B76001CF34C /* Frameworks */ = {
			isa = PBXFrameworksBuildPhase;
			buildActionMask = 2147483647;
			files = (
				8FE2BC342409047B00BE2ADC /* libutil.a in Frameworks */,
				8F2113EA23288EA5001CF34C /* libcplex.a in Frameworks */,
				8F2113EB23288EA5001CF34C /* libilocplex.a in Frameworks */,
				8F2113EC23288EA5001CF34C /* libcplexdistmip.a in Frameworks */,
				8F2113E623288E94001CF34C /* libconcert.a in Frameworks */,
			);
			runOnlyForDeploymentPostprocessing = 0;
		};
/* End PBXFrameworksBuildPhase section */

/* Begin PBXGroup section */
		8F2113D123288B76001CF34C = {
			isa = PBXGroup;
			children = (
				8F2113DC23288B76001CF34C /* BnC_CPLEX */,
				8F2113DB23288B76001CF34C /* Products */,
				8F2113E423288E94001CF34C /* Frameworks */,
			);
			sourceTree = "<group>";
		};
		8F2113DB23288B76001CF34C /* Products */ = {
			isa = PBXGroup;
			children = (
				8F2113DA23288B76001CF34C /* BnC_CPLEX */,
			);
			name = Products;
			sourceTree = "<group>";
		};
		8F2113DC23288B76001CF34C /* BnC_CPLEX */ = {
			isa = PBXGroup;
			children = (
				8FE2BC362409086200BE2ADC /* include */,
				8FCE114E2407862800C8CB07 /* src */,
				8F2113DD23288B76001CF34C /* main.cpp */,
			);
			path = BnC_CPLEX;
			sourceTree = "<group>";
		};
		8F2113E423288E94001CF34C /* Frameworks */ = {
			isa = PBXGroup;
			children = (
				8FE2BC332409047B00BE2ADC /* libutil.a */,
				8F2113E723288EA5001CF34C /* libcplex.a */,
				8F2113E923288EA5001CF34C /* libcplexdistmip.a */,
				8F2113E823288EA5001CF34C /* libilocplex.a */,
				8F2113E523288E94001CF34C /* libconcert.a */,
			);
			name = Frameworks;
			sourceTree = "<group>";
		};
		8FA1B1C7233E006800FF9F44 /* MathematicalModel */ = {
			isa = PBXGroup;
			children = (
				8F80EB15240BAFC500EEB8F0 /* RouteMM.cpp */,
				8FA1B1CB233E050800FF9F44 /* ILP.cpp */,
				8FA1B1D5233F567400FF9F44 /* RC.cpp */,
				8F3B4A3023D5C64600E1F16A /* DF.cpp */,
				8F3B4A3123D5C64600E1F16A /* DF.hpp */,
			);
			path = MathematicalModel;
			sourceTree = "<group>";
		};
		8FCE114E2407862800C8CB07 /* src */ = {
			isa = PBXGroup;
			children = (
				8FDDA6B0243D9F3000AFF509 /* Other */,
				8FFBFBAA236A8544003151B9 /* GH */,
				8FA1B1C7233E006800FF9F44 /* MathematicalModel */,
				8FD3B194232B343100FCDDEC /* Cuts */,
			);
			path = src;
			sourceTree = "<group>";
		};
		8FD3B194232B343100FCDDEC /* Cuts */ = {
			isa = PBXGroup;
			children = (
				8F80EB12240BA94900EEB8F0 /* CutBase.cpp */,
				8F6CCDE323715C7A00F9CFB1 /* SE.cpp */,
				8F6CCDE523715ED800F9CFB1 /* CA.cpp */,
				8F802BF423448CE5000D5AF1 /* RS.cpp */,
				8F3EE70D2355AEFD004BB9BB /* IP.cpp */,
			);
			path = Cuts;
			sourceTree = "<group>";
		};
		8FDDA6B0243D9F3000AFF509 /* Other */ = {
			isa = PBXGroup;
			children = (
				8FDDA6AD243D9CB600AFF509 /* Solution.cpp */,
			);
			path = Other;
			sourceTree = "<group>";
		};
		8FE2BC362409086200BE2ADC /* include */ = {
			isa = PBXGroup;
			children = (
				8FE2BC372409142E00BE2ADC /* ck_route */,
			);
			path = include;
			sourceTree = "<group>";
		};
		8FE2BC372409142E00BE2ADC /* ck_route */ = {
			isa = PBXGroup;
			children = (
				8F2113EE2328945F001CF34C /* Other.hpp */,
				8F80EB11240BA83000EEB8F0 /* Router.hpp */,
				8F80EB13240BA94900EEB8F0 /* CutBase.hpp */,
				8F3E948E236A8A7B00077CE6 /* Sequencer.h */,
			);
			path = ck_route;
			sourceTree = "<group>";
		};
		8FFBFBAA236A8544003151B9 /* GH */ = {
			isa = PBXGroup;
			children = (
				8FFBFBAB236A8727003151B9 /* IH.cpp */,
				8F3E948F236A8A7B00077CE6 /* Sequencer.c */,
			);
			path = GH;
			sourceTree = "<group>";
		};
/* End PBXGroup section */

/* Begin PBXNativeTarget section */
		8F2113D923288B76001CF34C /* BnC_CPLEX */ = {
			isa = PBXNativeTarget;
			buildConfigurationList = 8F2113E123288B76001CF34C /* Build configuration list for PBXNativeTarget "BnC_CPLEX" */;
			buildPhases = (
				8F2113D623288B76001CF34C /* Sources */,
				8F2113D723288B76001CF34C /* Frameworks */,
				8F2113D823288B76001CF34C /* CopyFiles */,
			);
			buildRules = (
			);
			dependencies = (
			);
			name = BnC_CPLEX;
			productName = BnC_CPLEX;
			productReference = 8F2113DA23288B76001CF34C /* BnC_CPLEX */;
			productType = "com.apple.product-type.tool";
		};
/* End PBXNativeTarget section */

/* Begin PBXProject section */
		8F2113D223288B76001CF34C /* Project object */ = {
			isa = PBXProject;
			attributes = {
				LastUpgradeCheck = 1100;
				ORGANIZATIONNAME = "Chung-Kyun HAN";
				TargetAttributes = {
					8F2113D923288B76001CF34C = {
						CreatedOnToolsVersion = 10.3;
					};
				};
			};
			buildConfigurationList = 8F2113D523288B76001CF34C /* Build configuration list for PBXProject "BnC_CPLEX" */;
			compatibilityVersion = "Xcode 9.3";
			developmentRegion = en;
			hasScannedForEncodings = 0;
			knownRegions = (
				en,
				Base,
			);
			mainGroup = 8F2113D123288B76001CF34C;
			productRefGroup = 8F2113DB23288B76001CF34C /* Products */;
			projectDirPath = "";
			projectRoot = "";
			targets = (
				8F2113D923288B76001CF34C /* BnC_CPLEX */,
			);
		};
/* End PBXProject section */

/* Begin PBXSourcesBuildPhase section */
		8F2113D623288B76001CF34C /* Sources */ = {
			isa = PBXSourcesBuildPhase;
			buildActionMask = 2147483647;
			files = (
				8F802BF523448CE5000D5AF1 /* RS.cpp in Sources */,
				8F3B4A3223D5C64600E1F16A /* DF.cpp in Sources */,
				8F3E9490236A8A7C00077CE6 /* Sequencer.c in Sources */,
				8F80EB14240BA94900EEB8F0 /* CutBase.cpp in Sources */,
				8F80EB16240BAFC500EEB8F0 /* RouteMM.cpp in Sources */,
				8F3EE70E2355AEFD004BB9BB /* IP.cpp in Sources */,
				8FDDA6AF243D9CB600AFF509 /* Solution.cpp in Sources */,
				8F2113DE23288B76001CF34C /* main.cpp in Sources */,
				8FA1B1D7233F567400FF9F44 /* RC.cpp in Sources */,
				8FFBFBAD236A8727003151B9 /* IH.cpp in Sources */,
				8F6CCDE623715ED800F9CFB1 /* CA.cpp in Sources */,
				8F6CCDE423715C7A00F9CFB1 /* SE.cpp in Sources */,
				8FA1B1CD233E050800FF9F44 /* ILP.cpp in Sources */,
			);
			runOnlyForDeploymentPostprocessing = 0;
		};
/* End PBXSourcesBuildPhase section */

/* Begin XCBuildConfiguration section */
		8F2113DF23288B76001CF34C /* Debug */ = {
			isa = XCBuildConfiguration;
			buildSettings = {
				ALWAYS_SEARCH_USER_PATHS = NO;
				CLANG_ANALYZER_NONNULL = YES;
				CLANG_ANALYZER_NUMBER_OBJECT_CONVERSION = YES_AGGRESSIVE;
				CLANG_CXX_LANGUAGE_STANDARD = "gnu++14";
				CLANG_CXX_LIBRARY = "libc++";
				CLANG_ENABLE_MODULES = YES;
				CLANG_ENABLE_OBJC_ARC = YES;
				CLANG_ENABLE_OBJC_WEAK = YES;
				CLANG_WARN_BLOCK_CAPTURE_AUTORELEASING = YES;
				CLANG_WARN_BOOL_CONVERSION = YES;
				CLANG_WARN_COMMA = YES;
				CLANG_WARN_CONSTANT_CONVERSION = YES;
				CLANG_WARN_DEPRECATED_OBJC_IMPLEMENTATIONS = YES;
				CLANG_WARN_DIRECT_OBJC_ISA_USAGE = YES_ERROR;
				CLANG_WARN_DOCUMENTATION_COMMENTS = YES;
				CLANG_WARN_EMPTY_BODY = YES;
				CLANG_WARN_ENUM_CONVERSION = YES;
				CLANG_WARN_INFINITE_RECURSION = YES;
				CLANG_WARN_INT_CONVERSION = YES;
				CLANG_WARN_NON_LITERAL_NULL_CONVERSION = YES;
				CLANG_WARN_OBJC_IMPLICIT_RETAIN_SELF = YES;
				CLANG_WARN_OBJC_LITERAL_CONVERSION = YES;
				CLANG_WARN_OBJC_ROOT_CLASS = YES_ERROR;
				CLANG_WARN_RANGE_LOOP_ANALYSIS = YES;
				CLANG_WARN_STRICT_PROTOTYPES = YES;
				CLANG_WARN_SUSPICIOUS_MOVE = YES;
				CLANG_WARN_UNGUARDED_AVAILABILITY = YES_AGGRESSIVE;
				CLANG_WARN_UNREACHABLE_CODE = YES;
				CLANG_WARN__DUPLICATE_METHOD_MATCH = YES;
				CODE_SIGN_IDENTITY = "-";
				COPY_PHASE_STRIP = NO;
				DEBUG_INFORMATION_FORMAT = dwarf;
				ENABLE_STRICT_OBJC_MSGSEND = YES;
				ENABLE_TESTABILITY = YES;
				GCC_C_LANGUAGE_STANDARD = gnu11;
				GCC_DYNAMIC_NO_PIC = NO;
				GCC_NO_COMMON_BLOCKS = YES;
				GCC_OPTIMIZATION_LEVEL = 0;
				GCC_PREPROCESSOR_DEFINITIONS = (
					"DEBUG=1",
					"$(inherited)",
				);
				GCC_WARN_64_TO_32_BIT_CONVERSION = YES;
				GCC_WARN_ABOUT_RETURN_TYPE = YES_ERROR;
				GCC_WARN_UNDECLARED_SELECTOR = YES;
				GCC_WARN_UNINITIALIZED_AUTOS = YES_AGGRESSIVE;
				GCC_WARN_UNUSED_FUNCTION = YES;
				GCC_WARN_UNUSED_VARIABLE = YES;
				MACOSX_DEPLOYMENT_TARGET = 10.14;
				MTL_ENABLE_DEBUG_INFO = INCLUDE_SOURCE;
				MTL_FAST_MATH = YES;
				ONLY_ACTIVE_ARCH = YES;
				SDKROOT = macosx;
			};
			name = Debug;
		};
		8F2113E023288B76001CF34C /* Release */ = {
			isa = XCBuildConfiguration;
			buildSettings = {
				ALWAYS_SEARCH_USER_PATHS = NO;
				CLANG_ANALYZER_NONNULL = YES;
				CLANG_ANALYZER_NUMBER_OBJECT_CONVERSION = YES_AGGRESSIVE;
				CLANG_CXX_LANGUAGE_STANDARD = "gnu++14";
				CLANG_CXX_LIBRARY = "libc++";
				CLANG_ENABLE_MODULES = YES;
				CLANG_ENABLE_OBJC_ARC = YES;
				CLANG_ENABLE_OBJC_WEAK = YES;
				CLANG_WARN_BLOCK_CAPTURE_AUTORELEASING = YES;
				CLANG_WARN_BOOL_CONVERSION = YES;
				CLANG_WARN_COMMA = YES;
				CLANG_WARN_CONSTANT_CONVERSION = YES;
				CLANG_WARN_DEPRECATED_OBJC_IMPLEMENTATIONS = YES;
				CLANG_WARN_DIRECT_OBJC_ISA_USAGE = YES_ERROR;
				CLANG_WARN_DOCUMENTATION_COMMENTS = YES;
				CLANG_WARN_EMPTY_BODY = YES;
				CLANG_WARN_ENUM_CONVERSION = YES;
				CLANG_WARN_INFINITE_RECURSION = YES;
				CLANG_WARN_INT_CONVERSION = YES;
				CLANG_WARN_NON_LITERAL_NULL_CONVERSION = YES;
				CLANG_WARN_OBJC_IMPLICIT_RETAIN_SELF = YES;
				CLANG_WARN_OBJC_LITERAL_CONVERSION = YES;
				CLANG_WARN_OBJC_ROOT_CLASS = YES_ERROR;
				CLANG_WARN_RANGE_LOOP_ANALYSIS = YES;
				CLANG_WARN_STRICT_PROTOTYPES = YES;
				CLANG_WARN_SUSPICIOUS_MOVE = YES;
				CLANG_WARN_UNGUARDED_AVAILABILITY = YES_AGGRESSIVE;
				CLANG_WARN_UNREACHABLE_CODE = YES;
				CLANG_WARN__DUPLICATE_METHOD_MATCH = YES;
				CODE_SIGN_IDENTITY = "-";
				COPY_PHASE_STRIP = NO;
				DEBUG_INFORMATION_FORMAT = "dwarf-with-dsym";
				ENABLE_NS_ASSERTIONS = NO;
				ENABLE_STRICT_OBJC_MSGSEND = YES;
				GCC_C_LANGUAGE_STANDARD = gnu11;
				GCC_NO_COMMON_BLOCKS = YES;
				GCC_WARN_64_TO_32_BIT_CONVERSION = YES;
				GCC_WARN_ABOUT_RETURN_TYPE = YES_ERROR;
				GCC_WARN_UNDECLARED_SELECTOR = YES;
				GCC_WARN_UNINITIALIZED_AUTOS = YES_AGGRESSIVE;
				GCC_WARN_UNUSED_FUNCTION = YES;
				GCC_WARN_UNUSED_VARIABLE = YES;
				MACOSX_DEPLOYMENT_TARGET = 10.14;
				MTL_ENABLE_DEBUG_INFO = NO;
				MTL_FAST_MATH = YES;
				SDKROOT = macosx;
			};
			name = Release;
		};
		8F2113E223288B76001CF34C /* Debug */ = {
			isa = XCBuildConfiguration;
			buildSettings = {
				CLANG_CXX_LANGUAGE_STANDARD = "gnu++0x";
				CLANG_CXX_LIBRARY = "libc++";
				CODE_SIGN_IDENTITY = "-";
				CODE_SIGN_STYLE = Automatic;
				GCC_PREPROCESSOR_DEFINITIONS = IL_STD;
				HEADER_SEARCH_PATHS = (
					/Applications/CPLEX_Studio128/cplex/include,
					/Applications/CPLEX_Studio128/concert/include,
					/Users/ckhan/workspace/util/include,
					"/Users/ckhan/workspace/json-develop/include",
				);
				LIBRARY_SEARCH_PATHS = (
					"/Applications/CPLEX_Studio128/concert/lib/x86-64_osx/static_pic",
					"/Applications/CPLEX_Studio128/cplex/lib/x86-64_osx/static_pic",
					/Users/ckhan/workspace/util/lib,
				);
				PRODUCT_NAME = "$(TARGET_NAME)";
			};
			name = Debug;
		};
		8F2113E323288B76001CF34C /* Release */ = {
			isa = XCBuildConfiguration;
			buildSettings = {
				CLANG_CXX_LANGUAGE_STANDARD = "gnu++0x";
				CLANG_CXX_LIBRARY = "libc++";
				CODE_SIGN_IDENTITY = "-";
				CODE_SIGN_STYLE = Automatic;
				GCC_PREPROCESSOR_DEFINITIONS = IL_STD;
				HEADER_SEARCH_PATHS = (
					/Applications/CPLEX_Studio128/cplex/include,
					/Applications/CPLEX_Studio128/concert/include,
					/Users/ckhan/workspace/util/include,
					"/Users/ckhan/workspace/json-develop/include",
				);
				LIBRARY_SEARCH_PATHS = (
					"/Applications/CPLEX_Studio128/concert/lib/x86-64_osx/static_pic",
					"/Applications/CPLEX_Studio128/cplex/lib/x86-64_osx/static_pic",
					/Users/ckhan/workspace/util/lib,
				);
				PRODUCT_NAME = "$(TARGET_NAME)";
			};
			name = Release;
		};
/* End XCBuildConfiguration section */

/* Begin XCConfigurationList section */
		8F2113D523288B76001CF34C /* Build configuration list for PBXProject "BnC_CPLEX" */ = {
			isa = XCConfigurationList;
			buildConfigurations = (
				8F2113DF23288B76001CF34C /* Debug */,
				8F2113E023288B76001CF34C /* Release */,
			);
			defaultConfigurationIsVisible = 0;
			defaultConfigurationName = Release;
		};
		8F2113E123288B76001CF34C /* Build configuration list for PBXNativeTarget "BnC_CPLEX" */ = {
			isa = XCConfigurationList;
			buildConfigurations = (
				8F2113E223288B76001CF34C /* Debug */,
				8F2113E323288B76001CF34C /* Release */,
			);
			defaultConfigurationIsVisible = 0;
			defaultConfigurationName = Release;
		};
/* End XCConfigurationList section */
	};
	rootObject = 8F2113D223288B76001CF34C /* Project object */;
}
